<Solution>
  <Folder Name="/Solution Items/">
    <File Path=".editorconfig" />
    <File Path="Directory.Build.props" />
    <File Path="Directory.Packages.props" />
  </Folder>
  <Folder Name="/src/">
    <Project Path="src/IranianSms.Core/IranianSms.Core.csproj" />
    <Project Path="src/IranianSms.DependencyInjection/IranianSms.DependencyInjection.csproj" />
    <Project Path="src/IranianSms.Providers.Kavenegar/IranianSms.Providers.Kavenegar.csproj" />
    <Project Path="src/IranianSms.Providers.SmsIr/IranianSms.Providers.SmsIr.csproj" />
    <Project Path="src/IranianSms.Providers.Melipayamak/IranianSms.Providers.Melipayamak.csproj" />
    <Project Path="src/IranianSms.Providers.Ghasedak/IranianSms.Providers.Ghasedak.csproj" />
    <Project Path="src/IranianSms.Providers.Mock/IranianSms.Providers.Mock.csproj" />
  </Folder>
  <Folder Name="/tests/">
    <Project Path="tests/IranianSms.Tests/IranianSms.Tests.csproj" />
    <Project Path="tests/IranianSms.NetStandard2.0Consumer/IranianSms.NetStandard2.0Consumer.csproj" />
  </Folder>
</Solution>